
Microsoft Visual Studio Solution File, Format Version 12.00
# Visual Studio Version 17
VisualStudioVersion = 17.14.36221.1 d17.14
MinimumVisualStudioVersion = 10.0.40219.1
Project("{FAE04EC0-301F-11D3-BF4B-00C04F79EFBC}") = "SAcom", "SAcom.csproj", "{EB9C43AA-E73F-4E2D-AD6F-EABDF0152ED3}"
EndProject
Global
	GlobalSection(SolutionConfigurationPlatforms) = preSolution
		Debug|Any CPU = Debug|Any CPU
		Release|Any CPU = Release|Any CPU
	EndGlobalSection
	GlobalSection(ProjectConfigurationPlatforms) = postSolution
		{EB9C43AA-E73F-4E2D-AD6F-EABDF0152ED3}.Debug|Any CPU.ActiveCfg = Debug|Any CPU
		{EB9C43AA-E73F-4E2D-AD6F-EABDF0152ED3}.Debug|Any CPU.Build.0 = Debug|Any CPU
		{EB9C43AA-E73F-4E2D-AD6F-EABDF0152ED3}.Release|Any CPU.ActiveCfg = Release|Any CPU
		{EB9C43AA-E73F-4E2D-AD6F-EABDF0152ED3}.Release|Any CPU.Build.0 = Release|Any CPU
	EndGlobalSection
	GlobalSection(SolutionProperties) = preSolution
		HideSolutionNode = FALSE
	EndGlobalSection
	GlobalSection(ExtensibilityGlobals) = postSolution
		SolutionGuid = {CE534B67-A68D-46DC-935B-11B18D356E18}
	EndGlobalSection
EndGlobal
